// !$*UTF8*$!
{
	archiveVersion = 1;
	classes = {
	};
	objectVersion = 56;
	objects = {

/* Begin PBXBuildFile section */
		C6A551012A9B8A5D009EEDC2 /* chifoumiApp.swift in Sources */ = {isa = PBXBuildFile; fileRef = C6A551002A9B8A5D009EEDC2 /* chifoumiApp.swift */; };
		C6A551032A9B8A5D009EEDC2 /* ContentView.swift in Sources */ = {isa = PBXBuildFile; fileRef = C6A551022A9B8A5D009EEDC2 /* ContentView.swift */; };
		C6A551052A9B8A5D009EEDC2 /* Assets.xcassets in Resources */ = {isa = PBXBuildFile; fileRef = C6A551042A9B8A5D009EEDC2 /* Assets.xcassets */; };
		C6A551092A9B8A5D009EEDC2 /* Preview Assets.xcassets in Resources */ = {isa = PBXBuildFile; fileRef = C6A551082A9B8A5D009EEDC2 /* Preview Assets.xcassets */; };
		C6A551132A9B8A5E009EEDC2 /* chifoumiTests.swift in Sources */ = {isa = PBXBuildFile; fileRef = C6A551122A9B8A5E009EEDC2 /* chifoumiTests.swift */; };
		C6A5511D2A9B8A5E009EEDC2 /* chifoumiUITests.swift in Sources */ = {isa = PBXBuildFile; fileRef = C6A5511C2A9B8A5E009EEDC2 /* chifoumiUITests.swift */; };
		C6A5511F2A9B8A5E009EEDC2 /* chifoumiUITestsLaunchTests.swift in Sources */ = {isa = PBXBuildFile; fileRef = C6A5511E2A9B8A5E009EEDC2 /* chifoumiUITestsLaunchTests.swift */; };
/* End PBXBuildFile section */

/* Begin PBXContainerItemProxy section */
		C6A5510F2A9B8A5E009EEDC2 /* PBXContainerItemProxy */ = {
			isa = PBXContainerItemProxy;
			containerPortal = C6A550F52A9B8A5C009EEDC2 /* Project object */;
			proxyType = 1;
			remoteGlobalIDString = C6A550FC2A9B8A5C009EEDC2;
			remoteInfo = chifoumi;
		};
		C6A551192A9B8A5E009EEDC2 /* PBXContainerItemProxy */ = {
			isa = PBXContainerItemProxy;
			containerPortal = C6A550F52A9B8A5C009EEDC2 /* Project object */;
			proxyType = 1;
			remoteGlobalIDString = C6A550FC2A9B8A5C009EEDC2;
			remoteInfo = chifoumi;
		};
/* End PBXContainerItemProxy section */

/* Begin PBXFileReference section */
		C6A550FD2A9B8A5D009EEDC2 /* chifoumi.app */ = {isa = PBXFileReference; explicitFileType = wrapper.application; includeInIndex = 0; path = chifoumi.app; sourceTree = BUILT_PRODUCTS_DIR; };
		C6A551002A9B8A5D009EEDC2 /* chifoumiApp.swift */ = {isa = PBXFileReference; lastKnownFileType = sourcecode.swift; path = chifoumiApp.swift; sourceTree = "<group>"; };
		C6A551022A9B8A5D009EEDC2 /* ContentView.swift */ = {isa = PBXFileReference; lastKnownFileType = sourcecode.swift; path = ContentView.swift; sourceTree = "<group>"; };
		C6A551042A9B8A5D009EEDC2 /* Assets.xcassets */ = {isa = PBXFileReference; lastKnownFileType = folder.assetcatalog; path = Assets.xcassets; sourceTree = "<group>"; };
		C6A551062A9B8A5D009EEDC2 /* chifoumi.entitlements */ = {isa = PBXFileReference; lastKnownFileType = text.plist.entitlements; path = chifoumi.entitlements; sourceTree = "<group>"; };
		C6A551082A9B8A5D009EEDC2 /* Preview Assets.xcassets */ = {isa = PBXFileReference; lastKnownFileType = folder.assetcatalog; path = "Preview Assets.xcassets"; sourceTree = "<group>"; };
		C6A5510E2A9B8A5E009EEDC2 /* chifoumiTests.xctest */ = {isa = PBXFileReference; explicitFileType = wrapper.cfbundle; includeInIndex = 0; path = chifoumiTests.xctest; sourceTree = BUILT_PRODUCTS_DIR; };
		C6A551122A9B8A5E009EEDC2 /* chifoumiTests.swift */ = {isa = PBXFileReference; lastKnownFileType = sourcecode.swift; path = chifoumiTests.swift; sourceTree = "<group>"; };
		C6A551182A9B8A5E009EEDC2 /* chifoumiUITests.xctest */ = {isa = PBXFileReference; explicitFileType = wrapper.cfbundle; includeInIndex = 0; path = chifoumiUITests.xctest; sourceTree = BUILT_PRODUCTS_DIR; };
		C6A5511C2A9B8A5E009EEDC2 /* chifoumiUITests.swift */ = {isa = PBXFileReference; lastKnownFileType = sourcecode.swift; path = chifoumiUITests.swift; sourceTree = "<group>"; };
		C6A5511E2A9B8A5E009EEDC2 /* chifoumiUITestsLaunchTests.swift */ = {isa = PBXFileReference; lastKnownFileType = sourcecode.swift; path = chifoumiUITestsLaunchTests.swift; sourceTree = "<group>"; };
/* End PBXFileReference section */

/* Begin PBXFrameworksBuildPhase section */
		C6A550FA2A9B8A5C009EEDC2 /* Frameworks */ = {
			isa = PBXFrameworksBuildPhase;
			buildActionMask = 2147483647;
			files = (
			);
			runOnlyForDeploymentPostprocessing = 0;
		};
		C6A5510B2A9B8A5E009EEDC2 /* Frameworks */ = {
			isa = PBXFrameworksBuildPhase;
			buildActionMask = 2147483647;
			files = (
			);
			runOnlyForDeploymentPostprocessing = 0;
		};
		C6A551152A9B8A5E009EEDC2 /* Frameworks */ = {
			isa = PBXFrameworksBuildPhase;
			buildActionMask = 2147483647;
			files = (
			);
			runOnlyForDeploymentPostprocessing = 0;
		};
/* End PBXFrameworksBuildPhase section */

/* Begin PBXGroup section */
		C6A550F42A9B8A5C009EEDC2 = {
			isa = PBXGroup;
			children = (
				C6A550FF2A9B8A5D009EEDC2 /* chifoumi */,
				C6A551112A9B8A5E009EEDC2 /* chifoumiTests */,
				C6A5511B2A9B8A5E009EEDC2 /* chifoumiUITests */,
				C6A550FE2A9B8A5D009EEDC2 /* Products */,
			);
			sourceTree = "<group>";
		};
		C6A550FE2A9B8A5D009EEDC2 /* Products */ = {
			isa = PBXGroup;
			children = (
				C6A550FD2A9B8A5D009EEDC2 /* chifoumi.app */,
				C6A5510E2A9B8A5E009EEDC2 /* chifoumiTests.xctest */,
				C6A551182A9B8A5E009EEDC2 /* chifoumiUITests.xctest */,
			);
			name = Products;
			sourceTree = "<group>";
		};
		C6A550FF2A9B8A5D009EEDC2 /* chifoumi */ = {
			isa = PBXGroup;
			children = (
				C6A551002A9B8A5D009EEDC2 /* chifoumiApp.swift */,
				C6A551022A9B8A5D009EEDC2 /* ContentView.swift */,
				C6A551042A9B8A5D009EEDC2 /* Assets.xcassets */,
				C6A551062A9B8A5D009EEDC2 /* chifoumi.entitlements */,
				C6A551072A9B8A5D009EEDC2 /* Preview Content */,
			);
			path = chifoumi;
			sourceTree = "<group>";
		};
		C6A551072A9B8A5D009EEDC2 /* Preview Content */ = {
			isa = PBXGroup;
			children = (
				C6A551082A9B8A5D009EEDC2 /* Preview Assets.xcassets */,
			);
			path = "Preview Content";
			sourceTree = "<group>";
		};
		C6A551112A9B8A5E009EEDC2 /* chifoumiTests */ = {
			isa = PBXGroup;
			children = (
				C6A551122A9B8A5E009EEDC2 /* chifoumiTests.swift */,
			);
			path = chifoumiTests;
			sourceTree = "<group>";
		};
		C6A5511B2A9B8A5E009EEDC2 /* chifoumiUITests */ = {
			isa = PBXGroup;
			children = (
				C6A5511C2A9B8A5E009EEDC2 /* chifoumiUITests.swift */,
				C6A5511E2A9B8A5E009EEDC2 /* chifoumiUITestsLaunchTests.swift */,
			);
			path = chifoumiUITests;
			sourceTree = "<group>";
		};
/* End PBXGroup section */

/* Begin PBXNativeTarget section */
		C6A550FC2A9B8A5C009EEDC2 /* chifoumi */ = {
			isa = PBXNativeTarget;
			buildConfigurationList = C6A551222A9B8A5E009EEDC2 /* Build configuration list for PBXNativeTarget "chifoumi" */;
			buildPhases = (
				C6A550F92A9B8A5C009EEDC2 /* Sources */,
				C6A550FA2A9B8A5C009EEDC2 /* Frameworks */,
				C6A550FB2A9B8A5C009EEDC2 /* Resources */,
			);
			buildRules = (
			);
			dependencies = (
			);
			name = chifoumi;
			productName = chifoumi;
			productReference = C6A550FD2A9B8A5D009EEDC2 /* chifoumi.app */;
			productType = "com.apple.product-type.application";
		};
		C6A5510D2A9B8A5E009EEDC2 /* chifoumiTests */ = {
			isa = PBXNativeTarget;
			buildConfigurationList = C6A551252A9B8A5E009EEDC2 /* Build configuration list for PBXNativeTarget "chifoumiTests" */;
			buildPhases = (
				C6A5510A2A9B8A5E009EEDC2 /* Sources */,
				C6A5510B2A9B8A5E009EEDC2 /* Frameworks */,
				C6A5510C2A9B8A5E009EEDC2 /* Resources */,
			);
			buildRules = (
			);
			dependencies = (
				C6A551102A9B8A5E009EEDC2 /* PBXTargetDependency */,
			);
			name = chifoumiTests;
			productName = chifoumiTests;
			productReference = C6A5510E2A9B8A5E009EEDC2 /* chifoumiTests.xctest */;
			productType = "com.apple.product-type.bundle.unit-test";
		};
		C6A551172A9B8A5E009EEDC2 /* chifoumiUITests */ = {
			isa = PBXNativeTarget;
			buildConfigurationList = C6A551282A9B8A5E009EEDC2 /* Build configuration list for PBXNativeTarget "chifoumiUITests" */;
			buildPhases = (
				C6A551142A9B8A5E009EEDC2 /* Sources */,
				C6A551152A9B8A5E009EEDC2 /* Frameworks */,
				C6A551162A9B8A5E009EEDC2 /* Resources */,
			);
			buildRules = (
			);
			dependencies = (
				C6A5511A2A9B8A5E009EEDC2 /* PBXTargetDependency */,
			);
			name = chifoumiUITests;
			productName = chifoumiUITests;
			productReference = C6A551182A9B8A5E009EEDC2 /* chifoumiUITests.xctest */;
			productType = "com.apple.product-type.bundle.ui-testing";
		};
/* End PBXNativeTarget section */

/* Begin PBXProject section */
		C6A550F52A9B8A5C009EEDC2 /* Project object */ = {
			isa = PBXProject;
			attributes = {
				BuildIndependentTargetsInParallel = 1;
				LastSwiftUpdateCheck = 1430;
				LastUpgradeCheck = 1430;
				TargetAttributes = {
					C6A550FC2A9B8A5C009EEDC2 = {
						CreatedOnToolsVersion = 14.3.1;
					};
					C6A5510D2A9B8A5E009EEDC2 = {
						CreatedOnToolsVersion = 14.3.1;
						TestTargetID = C6A550FC2A9B8A5C009EEDC2;
					};
					C6A551172A9B8A5E009EEDC2 = {
						CreatedOnToolsVersion = 14.3.1;
						TestTargetID = C6A550FC2A9B8A5C009EEDC2;
					};
				};
			};
			buildConfigurationList = C6A550F82A9B8A5C009EEDC2 /* Build configuration list for PBXProject "chifoumi" */;
			compatibilityVersion = "Xcode 14.0";
			developmentRegion = en;
			hasScannedForEncodings = 0;
			knownRegions = (
				en,
				Base,
			);
			mainGroup = C6A550F42A9B8A5C009EEDC2;
			productRefGroup = C6A550FE2A9B8A5D009EEDC2 /* Products */;
			projectDirPath = "";
			projectRoot = "";
			targets = (
				C6A550FC2A9B8A5C009EEDC2 /* chifoumi */,
				C6A5510D2A9B8A5E009EEDC2 /* chifoumiTests */,
				C6A551172A9B8A5E009EEDC2 /* chifoumiUITests */,
			);
		};
/* End PBXProject section */

/* Begin PBXResourcesBuildPhase section */
		C6A550FB2A9B8A5C009EEDC2 /* Resources */ = {
			isa = PBXResourcesBuildPhase;
			buildActionMask = 2147483647;
			files = (
				C6A551092A9B8A5D009EEDC2 /* Preview Assets.xcassets in Resources */,
				C6A551052A9B8A5D009EEDC2 /* Assets.xcassets in Resources */,
			);
			runOnlyForDeploymentPostprocessing = 0;
		};
		C6A5510C2A9B8A5E009EEDC2 /* Resources */ = {
			isa = PBXResourcesBuildPhase;
			buildActionMask = 2147483647;
			files = (
			);
			runOnlyForDeploymentPostprocessing = 0;
		};
		C6A551162A9B8A5E009EEDC2 /* Resources */ = {
			isa = PBXResourcesBuildPhase;
			buildActionMask = 2147483647;
			files = (
			);
			runOnlyForDeploymentPostprocessing = 0;
		};
/* End PBXResourcesBuildPhase section */

/* Begin PBXSourcesBuildPhase section */
		C6A550F92A9B8A5C009EEDC2 /* Sources */ = {
			isa = PBXSourcesBuildPhase;
			buildActionMask = 2147483647;
			files = (
				C6A551032A9B8A5D009EEDC2 /* ContentView.swift in Sources */,
				C6A551012A9B8A5D009EEDC2 /* chifoumiApp.swift in Sources */,
			);
			runOnlyForDeploymentPostprocessing = 0;
		};
		C6A5510A2A9B8A5E009EEDC2 /* Sources */ = {
			isa = PBXSourcesBuildPhase;
			buildActionMask = 2147483647;
			files = (
				C6A551132A9B8A5E009EEDC2 /* chifoumiTests.swift in Sources */,
			);
			runOnlyForDeploymentPostprocessing = 0;
		};
		C6A551142A9B8A5E009EEDC2 /* Sources */ = {
			isa = PBXSourcesBuildPhase;
			buildActionMask = 2147483647;
			files = (
				C6A5511F2A9B8A5E009EEDC2 /* chifoumiUITestsLaunchTests.swift in Sources */,
				C6A5511D2A9B8A5E009EEDC2 /* chifoumiUITests.swift in Sources */,
			);
			runOnlyForDeploymentPostprocessing = 0;
		};
/* End PBXSourcesBuildPhase section */

/* Begin PBXTargetDependency section */
		C6A551102A9B8A5E009EEDC2 /* PBXTargetDependency */ = {
			isa = PBXTargetDependency;
			target = C6A550FC2A9B8A5C009EEDC2 /* chifoumi */;
			targetProxy = C6A5510F2A9B8A5E009EEDC2 /* PBXContainerItemProxy */;
		};
		C6A5511A2A9B8A5E009EEDC2 /* PBXTargetDependency */ = {
			isa = PBXTargetDependency;
			target = C6A550FC2A9B8A5C009EEDC2 /* chifoumi */;
			targetProxy = C6A551192A9B8A5E009EEDC2 /* PBXContainerItemProxy */;
		};
/* End PBXTargetDependency section */

/* Begin XCBuildConfiguration section */
		C6A551202A9B8A5E009EEDC2 /* Debug */ = {
			isa = XCBuildConfiguration;
			buildSettings = {
				ALWAYS_SEARCH_USER_PATHS = NO;
				CLANG_ANALYZER_NONNULL = YES;
				CLANG_ANALYZER_NUMBER_OBJECT_CONVERSION = YES_AGGRESSIVE;
				CLANG_CXX_LANGUAGE_STANDARD = "gnu++20";
				CLANG_ENABLE_MODULES = YES;
				CLANG_ENABLE_OBJC_ARC = YES;
				CLANG_ENABLE_OBJC_WEAK = YES;
				CLANG_WARN_BLOCK_CAPTURE_AUTORELEASING = YES;
				CLANG_WARN_BOOL_CONVERSION = YES;
				CLANG_WARN_COMMA = YES;
				CLANG_WARN_CONSTANT_CONVERSION = YES;
				CLANG_WARN_DEPRECATED_OBJC_IMPLEMENTATIONS = YES;
				CLANG_WARN_DIRECT_OBJC_ISA_USAGE = YES_ERROR;
				CLANG_WARN_DOCUMENTATION_COMMENTS = YES;
				CLANG_WARN_EMPTY_BODY = YES;
				CLANG_WARN_ENUM_CONVERSION = YES;
				CLANG_WARN_INFINITE_RECURSION = YES;
				CLANG_WARN_INT_CONVERSION = YES;
				CLANG_WARN_NON_LITERAL_NULL_CONVERSION = YES;
				CLANG_WARN_OBJC_IMPLICIT_RETAIN_SELF = YES;
				CLANG_WARN_OBJC_LITERAL_CONVERSION = YES;
				CLANG_WARN_OBJC_ROOT_CLASS = YES_ERROR;
				CLANG_WARN_QUOTED_INCLUDE_IN_FRAMEWORK_HEADER = YES;
				CLANG_WARN_RANGE_LOOP_ANALYSIS = YES;
				CLANG_WARN_STRICT_PROTOTYPES = YES;
				CLANG_WARN_SUSPICIOUS_MOVE = YES;
				CLANG_WARN_UNGUARDED_AVAILABILITY = YES_AGGRESSIVE;
				CLANG_WARN_UNREACHABLE_CODE = YES;
				CLANG_WARN__DUPLICATE_METHOD_MATCH = YES;
				COPY_PHASE_STRIP = NO;
				DEBUG_INFORMATION_FORMAT = dwarf;
				ENABLE_STRICT_OBJC_MSGSEND = YES;
				ENABLE_TESTABILITY = YES;
				GCC_C_LANGUAGE_STANDARD = gnu11;
				GCC_DYNAMIC_NO_PIC = NO;
				GCC_NO_COMMON_BLOCKS = YES;
				GCC_OPTIMIZATION_LEVEL = 0;
				GCC_PREPROCESSOR_DEFINITIONS = (
					"DEBUG=1",
					"$(inherited)",
				);
				GCC_WARN_64_TO_32_BIT_CONVERSION = YES;
				GCC_WARN_ABOUT_RETURN_TYPE = YES_ERROR;
				GCC_WARN_UNDECLARED_SELECTOR = YES;
				GCC_WARN_UNINITIALIZED_AUTOS = YES_AGGRESSIVE;
				GCC_WARN_UNUSED_FUNCTION = YES;
				GCC_WARN_UNUSED_VARIABLE = YES;
				MTL_ENABLE_DEBUG_INFO = INCLUDE_SOURCE;
				MTL_FAST_MATH = YES;
				ONLY_ACTIVE_ARCH = YES;
				SWIFT_ACTIVE_COMPILATION_CONDITIONS = DEBUG;
				SWIFT_OPTIMIZATION_LEVEL = "-Onone";
			};
			name = Debug;
		};
		C6A551212A9B8A5E009EEDC2 /* Release */ = {
			isa = XCBuildConfiguration;
			buildSettings = {
				ALWAYS_SEARCH_USER_PATHS = NO;
				CLANG_ANALYZER_NONNULL = YES;
				CLANG_ANALYZER_NUMBER_OBJECT_CONVERSION = YES_AGGRESSIVE;
				CLANG_CXX_LANGUAGE_STANDARD = "gnu++20";
				CLANG_ENABLE_MODULES = YES;
				CLANG_ENABLE_OBJC_ARC = YES;
				CLANG_ENABLE_OBJC_WEAK = YES;
				CLANG_WARN_BLOCK_CAPTURE_AUTORELEASING = YES;
				CLANG_WARN_BOOL_CONVERSION = YES;
				CLANG_WARN_COMMA = YES;
				CLANG_WARN_CONSTANT_CONVERSION = YES;
				CLANG_WARN_DEPRECATED_OBJC_IMPLEMENTATIONS = YES;
				CLANG_WARN_DIRECT_OBJC_ISA_USAGE = YES_ERROR;
				CLANG_WARN_DOCUMENTATION_COMMENTS = YES;
				CLANG_WARN_EMPTY_BODY = YES;
				CLANG_WARN_ENUM_CONVERSION = YES;
				CLANG_WARN_INFINITE_RECURSION = YES;
				CLANG_WARN_INT_CONVERSION = YES;
				CLANG_WARN_NON_LITERAL_NULL_CONVERSION = YES;
				CLANG_WARN_OBJC_IMPLICIT_RETAIN_SELF = YES;
				CLANG_WARN_OBJC_LITERAL_CONVERSION = YES;
				CLANG_WARN_OBJC_ROOT_CLASS = YES_ERROR;
				CLANG_WARN_QUOTED_INCLUDE_IN_FRAMEWORK_HEADER = YES;
				CLANG_WARN_RANGE_LOOP_ANALYSIS = YES;
				CLANG_WARN_STRICT_PROTOTYPES = YES;
				CLANG_WARN_SUSPICIOUS_MOVE = YES;
				CLANG_WARN_UNGUARDED_AVAILABILITY = YES_AGGRESSIVE;
				CLANG_WARN_UNREACHABLE_CODE = YES;
				CLANG_WARN__DUPLICATE_METHOD_MATCH = YES;
				COPY_PHASE_STRIP = NO;
				DEBUG_INFORMATION_FORMAT = "dwarf-with-dsym";
				ENABLE_NS_ASSERTIONS = NO;
				ENABLE_STRICT_OBJC_MSGSEND = YES;
				GCC_C_LANGUAGE_STANDARD = gnu11;
				GCC_NO_COMMON_BLOCKS = YES;
				GCC_WARN_64_TO_32_BIT_CONVERSION = YES;
				GCC_WARN_ABOUT_RETURN_TYPE = YES_ERROR;
				GCC_WARN_UNDECLARED_SELECTOR = YES;
				GCC_WARN_UNINITIALIZED_AUTOS = YES_AGGRESSIVE;
				GCC_WARN_UNUSED_FUNCTION = YES;
				GCC_WARN_UNUSED_VARIABLE = YES;
				MTL_ENABLE_DEBUG_INFO = NO;
				MTL_FAST_MATH = YES;
				SWIFT_COMPILATION_MODE = wholemodule;
				SWIFT_OPTIMIZATION_LEVEL = "-O";
			};
			name = Release;
		};
		C6A551232A9B8A5E009EEDC2 /* Debug */ = {
			isa = XCBuildConfiguration;
			buildSettings = {
				ASSETCATALOG_COMPILER_APPICON_NAME = AppIcon;
				ASSETCATALOG_COMPILER_GLOBAL_ACCENT_COLOR_NAME = AccentColor;
				CODE_SIGN_ENTITLEMENTS = chifoumi/chifoumi.entitlements;
				CODE_SIGN_STYLE = Automatic;
				CURRENT_PROJECT_VERSION = 1;
				DEVELOPMENT_ASSET_PATHS = "\"chifoumi/Preview Content\"";
				DEVELOPMENT_TEAM = 9UY3997Y8M;
				ENABLE_HARDENED_RUNTIME = YES;
				ENABLE_PREVIEWS = YES;
				GENERATE_INFOPLIST_FILE = YES;
				"INFOPLIST_KEY_UIApplicationSceneManifest_Generation[sdk=iphoneos*]" = YES;
				"INFOPLIST_KEY_UIApplicationSceneManifest_Generation[sdk=iphonesimulator*]" = YES;
				"INFOPLIST_KEY_UIApplicationSupportsIndirectInputEvents[sdk=iphoneos*]" = YES;
				"INFOPLIST_KEY_UIApplicationSupportsIndirectInputEvents[sdk=iphonesimulator*]" = YES;
				"INFOPLIST_KEY_UILaunchScreen_Generation[sdk=iphoneos*]" = YES;
				"INFOPLIST_KEY_UILaunchScreen_Generation[sdk=iphonesimulator*]" = YES;
				"INFOPLIST_KEY_UIStatusBarStyle[sdk=iphoneos*]" = UIStatusBarStyleDefault;
				"INFOPLIST_KEY_UIStatusBarStyle[sdk=iphonesimulator*]" = UIStatusBarStyleDefault;
				INFOPLIST_KEY_UISupportedInterfaceOrientations_iPad = "UIInterfaceOrientationPortrait UIInterfaceOrientationPortraitUpsideDown UIInterfaceOrientationLandscapeLeft UIInterfaceOrientationLandscapeRight";
				INFOPLIST_KEY_UISupportedInterfaceOrientations_iPhone = "UIInterfaceOrientationPortrait UIInterfaceOrientationLandscapeLeft UIInterfaceOrientationLandscapeRight";
				IPHONEOS_DEPLOYMENT_TARGET = 16.4;
				LD_RUNPATH_SEARCH_PATHS = "@executable_path/Frameworks";
				"LD_RUNPATH_SEARCH_PATHS[sdk=macosx*]" = "@executable_path/../Frameworks";
				MACOSX_DEPLOYMENT_TARGET = 13.3;
				MARKETING_VERSION = 1.0;
				PRODUCT_BUNDLE_IDENTIFIER = com.pandora.chifoumi;
				PRODUCT_NAME = "$(TARGET_NAME)";
				SDKROOT = auto;
				SUPPORTED_PLATFORMS = "iphoneos iphonesimulator macosx";
				SWIFT_EMIT_LOC_STRINGS = YES;
				SWIFT_VERSION = 5.0;
				TARGETED_DEVICE_FAMILY = "1,2";
			};
			name = Debug;
		};
		C6A551242A9B8A5E009EEDC2 /* Release */ = {
			isa = XCBuildConfiguration;
			buildSettings = {
				ASSETCATALOG_COMPILER_APPICON_NAME = AppIcon;
				ASSETCATALOG_COMPILER_GLOBAL_ACCENT_COLOR_NAME = AccentColor;
				CODE_SIGN_ENTITLEMENTS = chifoumi/chifoumi.entitlements;
				CODE_SIGN_STYLE = Automatic;
				CURRENT_PROJECT_VERSION = 1;
				DEVELOPMENT_ASSET_PATHS = "\"chifoumi/Preview Content\"";
				DEVELOPMENT_TEAM = 9UY3997Y8M;
				ENABLE_HARDENED_RUNTIME = YES;
				ENABLE_PREVIEWS = YES;
				GENERATE_INFOPLIST_FILE = YES;
				"INFOPLIST_KEY_UIApplicationSceneManifest_Generation[sdk=iphoneos*]" = YES;
				"INFOPLIST_KEY_UIApplicationSceneManifest_Generation[sdk=iphonesimulator*]" = YES;
				"INFOPLIST_KEY_UIApplicationSupportsIndirectInputEvents[sdk=iphoneos*]" = YES;
				"INFOPLIST_KEY_UIApplicationSupportsIndirectInputEvents[sdk=iphonesimulator*]" = YES;
				"INFOPLIST_KEY_UILaunchScreen_Generation[sdk=iphoneos*]" = YES;
				"INFOPLIST_KEY_UILaunchScreen_Generation[sdk=iphonesimulator*]" = YES;
				"INFOPLIST_KEY_UIStatusBarStyle[sdk=iphoneos*]" = UIStatusBarStyleDefault;
				"INFOPLIST_KEY_UIStatusBarStyle[sdk=iphonesimulator*]" = UIStatusBarStyleDefault;
				INFOPLIST_KEY_UISupportedInterfaceOrientations_iPad = "UIInterfaceOrientationPortrait UIInterfaceOrientationPortraitUpsideDown UIInterfaceOrientationLandscapeLeft UIInterfaceOrientationLandscapeRight";
				INFOPLIST_KEY_UISupportedInterfaceOrientations_iPhone = "UIInterfaceOrientationPortrait UIInterfaceOrientationLandscapeLeft UIInterfaceOrientationLandscapeRight";
				IPHONEOS_DEPLOYMENT_TARGET = 16.4;
				LD_RUNPATH_SEARCH_PATHS = "@executable_path/Frameworks";
				"LD_RUNPATH_SEARCH_PATHS[sdk=macosx*]" = "@executable_path/../Frameworks";
				MACOSX_DEPLOYMENT_TARGET = 13.3;
				MARKETING_VERSION = 1.0;
				PRODUCT_BUNDLE_IDENTIFIER = com.pandora.chifoumi;
				PRODUCT_NAME = "$(TARGET_NAME)";
				SDKROOT = auto;
				SUPPORTED_PLATFORMS = "iphoneos iphonesimulator macosx";
				SWIFT_EMIT_LOC_STRINGS = YES;
				SWIFT_VERSION = 5.0;
				TARGETED_DEVICE_FAMILY = "1,2";
			};
			name = Release;
		};
		C6A551262A9B8A5E009EEDC2 /* Debug */ = {
			isa = XCBuildConfiguration;
			buildSettings = {
				ALWAYS_EMBED_SWIFT_STANDARD_LIBRARIES = YES;
				BUNDLE_LOADER = "$(TEST_HOST)";
				CODE_SIGN_STYLE = Automatic;
				CURRENT_PROJECT_VERSION = 1;
				DEVELOPMENT_TEAM = 9UY3997Y8M;
				GENERATE_INFOPLIST_FILE = YES;
				IPHONEOS_DEPLOYMENT_TARGET = 16.4;
				MACOSX_DEPLOYMENT_TARGET = 13.3;
				MARKETING_VERSION = 1.0;
				PRODUCT_BUNDLE_IDENTIFIER = com.pandora.chifoumiTests;
				PRODUCT_NAME = "$(TARGET_NAME)";
				SDKROOT = auto;
				SUPPORTED_PLATFORMS = "iphoneos iphonesimulator macosx";
				SWIFT_EMIT_LOC_STRINGS = NO;
				SWIFT_VERSION = 5.0;
				TARGETED_DEVICE_FAMILY = "1,2";
				TEST_HOST = "$(BUILT_PRODUCTS_DIR)/chifoumi.app/$(BUNDLE_EXECUTABLE_FOLDER_PATH)/chifoumi";
			};
			name = Debug;
		};
		C6A551272A9B8A5E009EEDC2 /* Release */ = {
			isa = XCBuildConfiguration;
			buildSettings = {
				ALWAYS_EMBED_SWIFT_STANDARD_LIBRARIES = YES;
				BUNDLE_LOADER = "$(TEST_HOST)";
				CODE_SIGN_STYLE = Automatic;
				CURRENT_PROJECT_VERSION = 1;
				DEVELOPMENT_TEAM = 9UY3997Y8M;
				GENERATE_INFOPLIST_FILE = YES;
				IPHONEOS_DEPLOYMENT_TARGET = 16.4;
				MACOSX_DEPLOYMENT_TARGET = 13.3;
				MARKETING_VERSION = 1.0;
				PRODUCT_BUNDLE_IDENTIFIER = com.pandora.chifoumiTests;
				PRODUCT_NAME = "$(TARGET_NAME)";
				SDKROOT = auto;
				SUPPORTED_PLATFORMS = "iphoneos iphonesimulator macosx";
				SWIFT_EMIT_LOC_STRINGS = NO;
				SWIFT_VERSION = 5.0;
				TARGETED_DEVICE_FAMILY = "1,2";
				TEST_HOST = "$(BUILT_PRODUCTS_DIR)/chifoumi.app/$(BUNDLE_EXECUTABLE_FOLDER_PATH)/chifoumi";
			};
			name = Release;
		};
		C6A551292A9B8A5E009EEDC2 /* Debug */ = {
			isa = XCBuildConfiguration;
			buildSettings = {
				ALWAYS_EMBED_SWIFT_STANDARD_LIBRARIES = YES;
				CODE_SIGN_STYLE = Automatic;
				CURRENT_PROJECT_VERSION = 1;
				DEVELOPMENT_TEAM = 9UY3997Y8M;
				GENERATE_INFOPLIST_FILE = YES;
				IPHONEOS_DEPLOYMENT_TARGET = 16.4;
				MACOSX_DEPLOYMENT_TARGET = 13.3;
				MARKETING_VERSION = 1.0;
				PRODUCT_BUNDLE_IDENTIFIER = com.pandora.chifoumiUITests;
				PRODUCT_NAME = "$(TARGET_NAME)";
				SDKROOT = auto;
				SUPPORTED_PLATFORMS = "iphoneos iphonesimulator macosx";
				SWIFT_EMIT_LOC_STRINGS = NO;
				SWIFT_VERSION = 5.0;
				TARGETED_DEVICE_FAMILY = "1,2";
				TEST_TARGET_NAME = chifoumi;
			};
			name = Debug;
		};
		C6A5512A2A9B8A5E009EEDC2 /* Release */ = {
			isa = XCBuildConfiguration;
			buildSettings = {
				ALWAYS_EMBED_SWIFT_STANDARD_LIBRARIES = YES;
				CODE_SIGN_STYLE = Automatic;
				CURRENT_PROJECT_VERSION = 1;
				DEVELOPMENT_TEAM = 9UY3997Y8M;
				GENERATE_INFOPLIST_FILE = YES;
				IPHONEOS_DEPLOYMENT_TARGET = 16.4;
				MACOSX_DEPLOYMENT_TARGET = 13.3;
				MARKETING_VERSION = 1.0;
				PRODUCT_BUNDLE_IDENTIFIER = com.pandora.chifoumiUITests;
				PRODUCT_NAME = "$(TARGET_NAME)";
				SDKROOT = auto;
				SUPPORTED_PLATFORMS = "iphoneos iphonesimulator macosx";
				SWIFT_EMIT_LOC_STRINGS = NO;
				SWIFT_VERSION = 5.0;
				TARGETED_DEVICE_FAMILY = "1,2";
				TEST_TARGET_NAME = chifoumi;
			};
			name = Release;
		};
/* End XCBuildConfiguration section */

/* Begin XCConfigurationList section */
		C6A550F82A9B8A5C009EEDC2 /* Build configuration list for PBXProject "chifoumi" */ = {
			isa = XCConfigurationList;
			buildConfigurations = (
				C6A551202A9B8A5E009EEDC2 /* Debug */,
				C6A551212A9B8A5E009EEDC2 /* Release */,
			);
			defaultConfigurationIsVisible = 0;
			defaultConfigurationName = Release;
		};
		C6A551222A9B8A5E009EEDC2 /* Build configuration list for PBXNativeTarget "chifoumi" */ = {
			isa = XCConfigurationList;
			buildConfigurations = (
				C6A551232A9B8A5E009EEDC2 /* Debug */,
				C6A551242A9B8A5E009EEDC2 /* Release */,
			);
			defaultConfigurationIsVisible = 0;
			defaultConfigurationName = Release;
		};
		C6A551252A9B8A5E009EEDC2 /* Build configuration list for PBXNativeTarget "chifoumiTests" */ = {
			isa = XCConfigurationList;
			buildConfigurations = (
				C6A551262A9B8A5E009EEDC2 /* Debug */,
				C6A551272A9B8A5E009EEDC2 /* Release */,
			);
			defaultConfigurationIsVisible = 0;
			defaultConfigurationName = Release;
		};
		C6A551282A9B8A5E009EEDC2 /* Build configuration list for PBXNativeTarget "chifoumiUITests" */ = {
			isa = XCConfigurationList;
			buildConfigurations = (
				C6A551292A9B8A5E009EEDC2 /* Debug */,
				C6A5512A2A9B8A5E009EEDC2 /* Release */,
			);
			defaultConfigurationIsVisible = 0;
			defaultConfigurationName = Release;
		};
/* End XCConfigurationList section */
	};
	rootObject = C6A550F52A9B8A5C009EEDC2 /* Project object */;
}
